// !$*UTF8*$!
{
	archiveVersion = 1;
	classes = {
	};
	objectVersion = 56;
	objects = {

/* Begin PBXBuildFile section */
		100000000000000000000401 /* CueLensApp.swift in Sources */ = {isa = PBXBuildFile; fileRef = 100000000000000000000101 /* CueLensApp.swift */; };
		100000000000000000000402 /* ContentView.swift in Sources */ = {isa = PBXBuildFile; fileRef = 100000000000000000000102 /* ContentView.swift */; };
		100000000000000000000403 /* StudyViewportPolicy.swift in Sources */ = {isa = PBXBuildFile; fileRef = 100000000000000000000103 /* StudyViewportPolicy.swift */; };
		100000000000000000000404 /* Localizable.xcstrings in Resources */ = {isa = PBXBuildFile; fileRef = 100000000000000000000104 /* Localizable.xcstrings */; };
		100000000000000000000405 /* PrivacyInfo.xcprivacy in Resources */ = {isa = PBXBuildFile; fileRef = 100000000000000000000105 /* PrivacyInfo.xcprivacy */; };
		100000000000000000000406 /* StudyViewportPolicyTests.swift in Sources */ = {isa = PBXBuildFile; fileRef = 100000000000000000000106 /* StudyViewportPolicyTests.swift */; };
		100000000000000000000407 /* CueLensUITests.swift in Sources */ = {isa = PBXBuildFile; fileRef = 100000000000000000000107 /* CueLensUITests.swift */; };
		100000000000000000000410 /* DomainValidationError.swift in Sources */ = {isa = PBXBuildFile; fileRef = 100000000000000000000130 /* DomainValidationError.swift */; };
		100000000000000000000411 /* AppLanguage.swift in Sources */ = {isa = PBXBuildFile; fileRef = 100000000000000000000131 /* AppLanguage.swift */; };
		100000000000000000000412 /* DomainDependencies.swift in Sources */ = {isa = PBXBuildFile; fileRef = 100000000000000000000132 /* DomainDependencies.swift */; };
		100000000000000000000413 /* StrictJSON.swift in Sources */ = {isa = PBXBuildFile; fileRef = 100000000000000000000133 /* StrictJSON.swift */; };
		100000000000000000000414 /* UUIDv4.swift in Sources */ = {isa = PBXBuildFile; fileRef = 100000000000000000000134 /* UUIDv4.swift */; };
		100000000000000000000415 /* ParticipantIdentifier.swift in Sources */ = {isa = PBXBuildFile; fileRef = 100000000000000000000135 /* ParticipantIdentifier.swift */; };
		100000000000000000000416 /* FeedbackDraft.swift in Sources */ = {isa = PBXBuildFile; fileRef = 100000000000000000000136 /* FeedbackDraft.swift */; };
		100000000000000000000417 /* InfoMessage.swift in Sources */ = {isa = PBXBuildFile; fileRef = 100000000000000000000137 /* InfoMessage.swift */; };
		100000000000000000000418 /* StudyValues.swift in Sources */ = {isa = PBXBuildFile; fileRef = 100000000000000000000138 /* StudyValues.swift */; };
		100000000000000000000419 /* MatchingOrder.swift in Sources */ = {isa = PBXBuildFile; fileRef = 100000000000000000000139 /* MatchingOrder.swift */; };
		100000000000000000000420 /* Cooldown.swift in Sources */ = {isa = PBXBuildFile; fileRef = 100000000000000000000140 /* Cooldown.swift */; };
		100000000000000000000421 /* StudyState.swift in Sources */ = {isa = PBXBuildFile; fileRef = 100000000000000000000141 /* StudyState.swift */; };
		100000000000000000000422 /* StartGate.swift in Sources */ = {isa = PBXBuildFile; fileRef = 100000000000000000000142 /* StartGate.swift */; };
		100000000000000000000423 /* CompletionState.swift in Sources */ = {isa = PBXBuildFile; fileRef = 100000000000000000000143 /* CompletionState.swift */; };
		100000000000000000000424 /* SelfReportResponse.swift in Sources */ = {isa = PBXBuildFile; fileRef = 100000000000000000000144 /* SelfReportResponse.swift */; };
		100000000000000000000430 /* FixtureLoader.swift in Sources */ = {isa = PBXBuildFile; fileRef = 100000000000000000000150 /* FixtureLoader.swift */; };
		100000000000000000000431 /* InfoMessageTests.swift in Sources */ = {isa = PBXBuildFile; fileRef = 100000000000000000000151 /* InfoMessageTests.swift */; };
		100000000000000000000432 /* ParticipantAndFeedbackTests.swift in Sources */ = {isa = PBXBuildFile; fileRef = 100000000000000000000152 /* ParticipantAndFeedbackTests.swift */; };
		100000000000000000000433 /* StudyRulesTests.swift in Sources */ = {isa = PBXBuildFile; fileRef = 100000000000000000000153 /* StudyRulesTests.swift */; };
		100000000000000000000434 /* StudyStateTests.swift in Sources */ = {isa = PBXBuildFile; fileRef = 100000000000000000000154 /* StudyStateTests.swift */; };
		100000000000000000000435 /* StartGateTests.swift in Sources */ = {isa = PBXBuildFile; fileRef = 100000000000000000000155 /* StartGateTests.swift */; };
		100000000000000000000436 /* SelfReportResponseTests.swift in Sources */ = {isa = PBXBuildFile; fileRef = 100000000000000000000156 /* SelfReportResponseTests.swift */; };
		100000000000000000000440 /* PersistenceProtocols.swift in Sources */ = {isa = PBXBuildFile; fileRef = 100000000000000000000160 /* PersistenceProtocols.swift */; };
		100000000000000000000441 /* PersistenceError.swift in Sources */ = {isa = PBXBuildFile; fileRef = 100000000000000000000161 /* PersistenceError.swift */; };
		100000000000000000000442 /* KeychainClient.swift in Sources */ = {isa = PBXBuildFile; fileRef = 100000000000000000000162 /* KeychainClient.swift */; };
		100000000000000000000443 /* KeychainAppTokenStore.swift in Sources */ = {isa = PBXBuildFile; fileRef = 100000000000000000000163 /* KeychainAppTokenStore.swift */; };
		100000000000000000000444 /* ProtectedFileClient.swift in Sources */ = {isa = PBXBuildFile; fileRef = 100000000000000000000164 /* ProtectedFileClient.swift */; };
		100000000000000000000445 /* PersistencePaths.swift in Sources */ = {isa = PBXBuildFile; fileRef = 100000000000000000000165 /* PersistencePaths.swift */; };
		100000000000000000000446 /* SecureRandomByteGenerator.swift in Sources */ = {isa = PBXBuildFile; fileRef = 100000000000000000000166 /* SecureRandomByteGenerator.swift */; };
		100000000000000000000447 /* InstallationCoordinator.swift in Sources */ = {isa = PBXBuildFile; fileRef = 100000000000000000000167 /* InstallationCoordinator.swift */; };
		100000000000000000000448 /* ProtectedStudyStateStore.swift in Sources */ = {isa = PBXBuildFile; fileRef = 100000000000000000000168 /* ProtectedStudyStateStore.swift */; };
		100000000000000000000449 /* LocalPersistenceBootstrap.swift in Sources */ = {isa = PBXBuildFile; fileRef = 100000000000000000000169 /* LocalPersistenceBootstrap.swift */; };
		100000000000000000000450 /* PersistenceTestDoubles.swift in Sources */ = {isa = PBXBuildFile; fileRef = 100000000000000000000170 /* PersistenceTestDoubles.swift */; };
		100000000000000000000451 /* KeychainAppTokenStoreTests.swift in Sources */ = {isa = PBXBuildFile; fileRef = 100000000000000000000171 /* KeychainAppTokenStoreTests.swift */; };
		100000000000000000000452 /* InstallationCoordinatorTests.swift in Sources */ = {isa = PBXBuildFile; fileRef = 100000000000000000000172 /* InstallationCoordinatorTests.swift */; };
		100000000000000000000453 /* ProtectedStudyStateStoreTests.swift in Sources */ = {isa = PBXBuildFile; fileRef = 100000000000000000000173 /* ProtectedStudyStateStoreTests.swift */; };
		100000000000000000000454 /* CueLensAppModel.swift in Sources */ = {isa = PBXBuildFile; fileRef = 100000000000000000000174 /* CueLensAppModel.swift */; };
		100000000000000000000455 /* LocalPersistenceBootstrapTests.swift in Sources */ = {isa = PBXBuildFile; fileRef = 100000000000000000000175 /* LocalPersistenceBootstrapTests.swift */; };
		100000000000000000000456 /* NetworkingProtocols.swift in Sources */ = {isa = PBXBuildFile; fileRef = 100000000000000000000176 /* NetworkingProtocols.swift */; };
		100000000000000000000457 /* AppConfiguration.swift in Sources */ = {isa = PBXBuildFile; fileRef = 100000000000000000000177 /* AppConfiguration.swift */; };
		100000000000000000000458 /* NetworkError.swift in Sources */ = {isa = PBXBuildFile; fileRef = 100000000000000000000178 /* NetworkError.swift */; };
		100000000000000000000459 /* NetworkLogging.swift in Sources */ = {isa = PBXBuildFile; fileRef = 100000000000000000000179 /* NetworkLogging.swift */; };
		100000000000000000000460 /* HTTPTypes.swift in Sources */ = {isa = PBXBuildFile; fileRef = 100000000000000000000180 /* HTTPTypes.swift */; };
		100000000000000000000461 /* HTTPClient.swift in Sources */ = {isa = PBXBuildFile; fileRef = 100000000000000000000181 /* HTTPClient.swift */; };
		100000000000000000000462 /* JSONContract.swift in Sources */ = {isa = PBXBuildFile; fileRef = 100000000000000000000182 /* JSONContract.swift */; };
		100000000000000000000463 /* ActivationService.swift in Sources */ = {isa = PBXBuildFile; fileRef = 100000000000000000000183 /* ActivationService.swift */; };
		100000000000000000000464 /* InfoFeedService.swift in Sources */ = {isa = PBXBuildFile; fileRef = 100000000000000000000184 /* InfoFeedService.swift */; };
		100000000000000000000465 /* FeatureConfigService.swift in Sources */ = {isa = PBXBuildFile; fileRef = 100000000000000000000185 /* FeatureConfigService.swift */; };
		100000000000000000000466 /* FeedbackService.swift in Sources */ = {isa = PBXBuildFile; fileRef = 100000000000000000000186 /* FeedbackService.swift */; };
		100000000000000000000467 /* StudySubmissionService.swift in Sources */ = {isa = PBXBuildFile; fileRef = 100000000000000000000187 /* StudySubmissionService.swift */; };
		100000000000000000000468 /* NetworkServices.swift in Sources */ = {isa = PBXBuildFile; fileRef = 100000000000000000000188 /* NetworkServices.swift */; };
		100000000000000000000469 /* NetworkTestDoubles.swift in Sources */ = {isa = PBXBuildFile; fileRef = 100000000000000000000189 /* NetworkTestDoubles.swift */; };
		100000000000000000000470 /* AppConfigurationTests.swift in Sources */ = {isa = PBXBuildFile; fileRef = 100000000000000000000190 /* AppConfigurationTests.swift */; };
		100000000000000000000471 /* HTTPClientTests.swift in Sources */ = {isa = PBXBuildFile; fileRef = 100000000000000000000191 /* HTTPClientTests.swift */; };
		100000000000000000000472 /* NetworkServiceContractTests.swift in Sources */ = {isa = PBXBuildFile; fileRef = 100000000000000000000192 /* NetworkServiceContractTests.swift */; };
/* End PBXBuildFile section */

/* Begin PBXContainerItemProxy section */
		100000000000000000000601 /* PBXContainerItemProxy */ = {
			isa = PBXContainerItemProxy;
			containerPortal = 100000000000000000000001 /* Project object */;
			proxyType = 1;
			remoteGlobalIDString = 100000000000000000000201;
			remoteInfo = CueLens;
		};
		100000000000000000000602 /* PBXContainerItemProxy */ = {
			isa = PBXContainerItemProxy;
			containerPortal = 100000000000000000000001 /* Project object */;
			proxyType = 1;
			remoteGlobalIDString = 100000000000000000000201;
			remoteInfo = CueLens;
		};
/* End PBXContainerItemProxy section */

/* Begin PBXFileReference section */
		100000000000000000000101 /* CueLensApp.swift */ = {isa = PBXFileReference; lastKnownFileType = sourcecode.swift; path = CueLensApp.swift; sourceTree = "<group>"; };
		100000000000000000000102 /* ContentView.swift */ = {isa = PBXFileReference; lastKnownFileType = sourcecode.swift; path = ContentView.swift; sourceTree = "<group>"; };
		100000000000000000000103 /* StudyViewportPolicy.swift */ = {isa = PBXFileReference; lastKnownFileType = sourcecode.swift; path = StudyViewportPolicy.swift; sourceTree = "<group>"; };
		100000000000000000000104 /* Localizable.xcstrings */ = {isa = PBXFileReference; lastKnownFileType = text.json.xcstrings; path = Localizable.xcstrings; sourceTree = "<group>"; };
		100000000000000000000105 /* PrivacyInfo.xcprivacy */ = {isa = PBXFileReference; lastKnownFileType = text.xml; path = PrivacyInfo.xcprivacy; sourceTree = "<group>"; };
		100000000000000000000106 /* StudyViewportPolicyTests.swift */ = {isa = PBXFileReference; lastKnownFileType = sourcecode.swift; path = StudyViewportPolicyTests.swift; sourceTree = "<group>"; };
		100000000000000000000107 /* CueLensUITests.swift */ = {isa = PBXFileReference; lastKnownFileType = sourcecode.swift; path = CueLensUITests.swift; sourceTree = "<group>"; };
		100000000000000000000108 /* Base.xcconfig */ = {isa = PBXFileReference; lastKnownFileType = text.xcconfig; path = Base.xcconfig; sourceTree = "<group>"; };
		100000000000000000000109 /* Debug.xcconfig */ = {isa = PBXFileReference; lastKnownFileType = text.xcconfig; path = Debug.xcconfig; sourceTree = "<group>"; };
		100000000000000000000110 /* Staging.xcconfig */ = {isa = PBXFileReference; lastKnownFileType = text.xcconfig; path = Staging.xcconfig; sourceTree = "<group>"; };
		100000000000000000000111 /* Release.xcconfig */ = {isa = PBXFileReference; lastKnownFileType = text.xcconfig; path = Release.xcconfig; sourceTree = "<group>"; };
		100000000000000000000112 /* LocalSigning.xcconfig.example */ = {isa = PBXFileReference; lastKnownFileType = text.xcconfig; path = LocalSigning.xcconfig.example; sourceTree = "<group>"; };
		100000000000000000000113 /* quality_gate.sh */ = {isa = PBXFileReference; lastKnownFileType = text.script.sh; path = quality_gate.sh; sourceTree = "<group>"; };
		100000000000000000000114 /* select_ci_simulator.sh */ = {isa = PBXFileReference; lastKnownFileType = text.script.sh; path = select_ci_simulator.sh; sourceTree = "<group>"; };
		100000000000000000000115 /* verify_release_configuration.sh */ = {isa = PBXFileReference; lastKnownFileType = text.script.sh; path = verify_release_configuration.sh; sourceTree = "<group>"; };
		100000000000000000000116 /* verify_domain_boundaries.sh */ = {isa = PBXFileReference; lastKnownFileType = text.script.sh; path = verify_domain_boundaries.sh; sourceTree = "<group>"; };
		100000000000000000000117 /* verify_persistence_security.sh */ = {isa = PBXFileReference; lastKnownFileType = text.script.sh; path = verify_persistence_security.sh; sourceTree = "<group>"; };
		100000000000000000000193 /* verify_network_security.sh */ = {isa = PBXFileReference; lastKnownFileType = text.script.sh; path = verify_network_security.sh; sourceTree = "<group>"; };
		100000000000000000000194 /* Info.plist */ = {isa = PBXFileReference; lastKnownFileType = text.plist.xml; path = Info.plist; sourceTree = "<group>"; };
		100000000000000000000121 /* CueLens.app */ = {isa = PBXFileReference; explicitFileType = wrapper.application; includeInIndex = 0; path = CueLens.app; sourceTree = BUILT_PRODUCTS_DIR; };
		100000000000000000000122 /* CueLensTests.xctest */ = {isa = PBXFileReference; explicitFileType = wrapper.cfbundle; includeInIndex = 0; path = CueLensTests.xctest; sourceTree = BUILT_PRODUCTS_DIR; };
		100000000000000000000123 /* CueLensUITests.xctest */ = {isa = PBXFileReference; explicitFileType = wrapper.cfbundle; includeInIndex = 0; path = CueLensUITests.xctest; sourceTree = BUILT_PRODUCTS_DIR; };
		100000000000000000000130 /* DomainValidationError.swift */ = {isa = PBXFileReference; lastKnownFileType = sourcecode.swift; path = DomainValidationError.swift; sourceTree = "<group>"; };
		100000000000000000000131 /* AppLanguage.swift */ = {isa = PBXFileReference; lastKnownFileType = sourcecode.swift; path = AppLanguage.swift; sourceTree = "<group>"; };
		100000000000000000000132 /* DomainDependencies.swift */ = {isa = PBXFileReference; lastKnownFileType = sourcecode.swift; path = DomainDependencies.swift; sourceTree = "<group>"; };
		100000000000000000000133 /* StrictJSON.swift */ = {isa = PBXFileReference; lastKnownFileType = sourcecode.swift; path = StrictJSON.swift; sourceTree = "<group>"; };
		100000000000000000000134 /* UUIDv4.swift */ = {isa = PBXFileReference; lastKnownFileType = sourcecode.swift; path = UUIDv4.swift; sourceTree = "<group>"; };
		100000000000000000000135 /* ParticipantIdentifier.swift */ = {isa = PBXFileReference; lastKnownFileType = sourcecode.swift; path = ParticipantIdentifier.swift; sourceTree = "<group>"; };
		100000000000000000000136 /* FeedbackDraft.swift */ = {isa = PBXFileReference; lastKnownFileType = sourcecode.swift; path = FeedbackDraft.swift; sourceTree = "<group>"; };
		100000000000000000000137 /* InfoMessage.swift */ = {isa = PBXFileReference; lastKnownFileType = sourcecode.swift; path = InfoMessage.swift; sourceTree = "<group>"; };
		100000000000000000000138 /* StudyValues.swift */ = {isa = PBXFileReference; lastKnownFileType = sourcecode.swift; path = StudyValues.swift; sourceTree = "<group>"; };
		100000000000000000000139 /* MatchingOrder.swift */ = {isa = PBXFileReference; lastKnownFileType = sourcecode.swift; path = MatchingOrder.swift; sourceTree = "<group>"; };
		100000000000000000000140 /* Cooldown.swift */ = {isa = PBXFileReference; lastKnownFileType = sourcecode.swift; path = Cooldown.swift; sourceTree = "<group>"; };
		100000000000000000000141 /* StudyState.swift */ = {isa = PBXFileReference; lastKnownFileType = sourcecode.swift; path = StudyState.swift; sourceTree = "<group>"; };
		100000000000000000000142 /* StartGate.swift */ = {isa = PBXFileReference; lastKnownFileType = sourcecode.swift; path = StartGate.swift; sourceTree = "<group>"; };
		100000000000000000000143 /* CompletionState.swift */ = {isa = PBXFileReference; lastKnownFileType = sourcecode.swift; path = CompletionState.swift; sourceTree = "<group>"; };
		100000000000000000000144 /* SelfReportResponse.swift */ = {isa = PBXFileReference; lastKnownFileType = sourcecode.swift; path = SelfReportResponse.swift; sourceTree = "<group>"; };
		100000000000000000000150 /* FixtureLoader.swift */ = {isa = PBXFileReference; lastKnownFileType = sourcecode.swift; path = FixtureLoader.swift; sourceTree = "<group>"; };
		100000000000000000000151 /* InfoMessageTests.swift */ = {isa = PBXFileReference; lastKnownFileType = sourcecode.swift; path = InfoMessageTests.swift; sourceTree = "<group>"; };
		100000000000000000000152 /* ParticipantAndFeedbackTests.swift */ = {isa = PBXFileReference; lastKnownFileType = sourcecode.swift; path = ParticipantAndFeedbackTests.swift; sourceTree = "<group>"; };
		100000000000000000000153 /* StudyRulesTests.swift */ = {isa = PBXFileReference; lastKnownFileType = sourcecode.swift; path = StudyRulesTests.swift; sourceTree = "<group>"; };
		100000000000000000000154 /* StudyStateTests.swift */ = {isa = PBXFileReference; lastKnownFileType = sourcecode.swift; path = StudyStateTests.swift; sourceTree = "<group>"; };
		100000000000000000000155 /* StartGateTests.swift */ = {isa = PBXFileReference; lastKnownFileType = sourcecode.swift; path = StartGateTests.swift; sourceTree = "<group>"; };
		100000000000000000000156 /* SelfReportResponseTests.swift */ = {isa = PBXFileReference; lastKnownFileType = sourcecode.swift; path = SelfReportResponseTests.swift; sourceTree = "<group>"; };
		100000000000000000000160 /* PersistenceProtocols.swift */ = {isa = PBXFileReference; lastKnownFileType = sourcecode.swift; path = PersistenceProtocols.swift; sourceTree = "<group>"; };
		100000000000000000000161 /* PersistenceError.swift */ = {isa = PBXFileReference; lastKnownFileType = sourcecode.swift; path = PersistenceError.swift; sourceTree = "<group>"; };
		100000000000000000000162 /* KeychainClient.swift */ = {isa = PBXFileReference; lastKnownFileType = sourcecode.swift; path = KeychainClient.swift; sourceTree = "<group>"; };
		100000000000000000000163 /* KeychainAppTokenStore.swift */ = {isa = PBXFileReference; lastKnownFileType = sourcecode.swift; path = KeychainAppTokenStore.swift; sourceTree = "<group>"; };
		100000000000000000000164 /* ProtectedFileClient.swift */ = {isa = PBXFileReference; lastKnownFileType = sourcecode.swift; path = ProtectedFileClient.swift; sourceTree = "<group>"; };
		100000000000000000000165 /* PersistencePaths.swift */ = {isa = PBXFileReference; lastKnownFileType = sourcecode.swift; path = PersistencePaths.swift; sourceTree = "<group>"; };
		100000000000000000000166 /* SecureRandomByteGenerator.swift */ = {isa = PBXFileReference; lastKnownFileType = sourcecode.swift; path = SecureRandomByteGenerator.swift; sourceTree = "<group>"; };
		100000000000000000000167 /* InstallationCoordinator.swift */ = {isa = PBXFileReference; lastKnownFileType = sourcecode.swift; path = InstallationCoordinator.swift; sourceTree = "<group>"; };
		100000000000000000000168 /* ProtectedStudyStateStore.swift */ = {isa = PBXFileReference; lastKnownFileType = sourcecode.swift; path = ProtectedStudyStateStore.swift; sourceTree = "<group>"; };
		100000000000000000000169 /* LocalPersistenceBootstrap.swift */ = {isa = PBXFileReference; lastKnownFileType = sourcecode.swift; path = LocalPersistenceBootstrap.swift; sourceTree = "<group>"; };
		100000000000000000000170 /* PersistenceTestDoubles.swift */ = {isa = PBXFileReference; lastKnownFileType = sourcecode.swift; path = PersistenceTestDoubles.swift; sourceTree = "<group>"; };
		100000000000000000000171 /* KeychainAppTokenStoreTests.swift */ = {isa = PBXFileReference; lastKnownFileType = sourcecode.swift; path = KeychainAppTokenStoreTests.swift; sourceTree = "<group>"; };
		100000000000000000000172 /* InstallationCoordinatorTests.swift */ = {isa = PBXFileReference; lastKnownFileType = sourcecode.swift; path = InstallationCoordinatorTests.swift; sourceTree = "<group>"; };
		100000000000000000000173 /* ProtectedStudyStateStoreTests.swift */ = {isa = PBXFileReference; lastKnownFileType = sourcecode.swift; path = ProtectedStudyStateStoreTests.swift; sourceTree = "<group>"; };
		100000000000000000000174 /* CueLensAppModel.swift */ = {isa = PBXFileReference; lastKnownFileType = sourcecode.swift; path = CueLensAppModel.swift; sourceTree = "<group>"; };
		100000000000000000000175 /* LocalPersistenceBootstrapTests.swift */ = {isa = PBXFileReference; lastKnownFileType = sourcecode.swift; path = LocalPersistenceBootstrapTests.swift; sourceTree = "<group>"; };
		100000000000000000000176 /* NetworkingProtocols.swift */ = {isa = PBXFileReference; lastKnownFileType = sourcecode.swift; path = NetworkingProtocols.swift; sourceTree = "<group>"; };
		100000000000000000000177 /* AppConfiguration.swift */ = {isa = PBXFileReference; lastKnownFileType = sourcecode.swift; path = AppConfiguration.swift; sourceTree = "<group>"; };
		100000000000000000000178 /* NetworkError.swift */ = {isa = PBXFileReference; lastKnownFileType = sourcecode.swift; path = NetworkError.swift; sourceTree = "<group>"; };
		100000000000000000000179 /* NetworkLogging.swift */ = {isa = PBXFileReference; lastKnownFileType = sourcecode.swift; path = NetworkLogging.swift; sourceTree = "<group>"; };
		100000000000000000000180 /* HTTPTypes.swift */ = {isa = PBXFileReference; lastKnownFileType = sourcecode.swift; path = HTTPTypes.swift; sourceTree = "<group>"; };
		100000000000000000000181 /* HTTPClient.swift */ = {isa = PBXFileReference; lastKnownFileType = sourcecode.swift; path = HTTPClient.swift; sourceTree = "<group>"; };
		100000000000000000000182 /* JSONContract.swift */ = {isa = PBXFileReference; lastKnownFileType = sourcecode.swift; path = JSONContract.swift; sourceTree = "<group>"; };
		100000000000000000000183 /* ActivationService.swift */ = {isa = PBXFileReference; lastKnownFileType = sourcecode.swift; path = ActivationService.swift; sourceTree = "<group>"; };
		100000000000000000000184 /* InfoFeedService.swift */ = {isa = PBXFileReference; lastKnownFileType = sourcecode.swift; path = InfoFeedService.swift; sourceTree = "<group>"; };
		100000000000000000000185 /* FeatureConfigService.swift */ = {isa = PBXFileReference; lastKnownFileType = sourcecode.swift; path = FeatureConfigService.swift; sourceTree = "<group>"; };
		100000000000000000000186 /* FeedbackService.swift */ = {isa = PBXFileReference; lastKnownFileType = sourcecode.swift; path = FeedbackService.swift; sourceTree = "<group>"; };
		100000000000000000000187 /* StudySubmissionService.swift */ = {isa = PBXFileReference; lastKnownFileType = sourcecode.swift; path = StudySubmissionService.swift; sourceTree = "<group>"; };
		100000000000000000000188 /* NetworkServices.swift */ = {isa = PBXFileReference; lastKnownFileType = sourcecode.swift; path = NetworkServices.swift; sourceTree = "<group>"; };
		100000000000000000000189 /* NetworkTestDoubles.swift */ = {isa = PBXFileReference; lastKnownFileType = sourcecode.swift; path = NetworkTestDoubles.swift; sourceTree = "<group>"; };
		100000000000000000000190 /* AppConfigurationTests.swift */ = {isa = PBXFileReference; lastKnownFileType = sourcecode.swift; path = AppConfigurationTests.swift; sourceTree = "<group>"; };
		100000000000000000000191 /* HTTPClientTests.swift */ = {isa = PBXFileReference; lastKnownFileType = sourcecode.swift; path = HTTPClientTests.swift; sourceTree = "<group>"; };
		100000000000000000000192 /* NetworkServiceContractTests.swift */ = {isa = PBXFileReference; lastKnownFileType = sourcecode.swift; path = NetworkServiceContractTests.swift; sourceTree = "<group>"; };
/* End PBXFileReference section */

/* Begin PBXFrameworksBuildPhase section */
		100000000000000000000302 /* Frameworks */ = {
			isa = PBXFrameworksBuildPhase;
			buildActionMask = 2147483647;
			files = (
			);
			runOnlyForDeploymentPostprocessing = 0;
		};
		100000000000000000000312 /* Frameworks */ = {
			isa = PBXFrameworksBuildPhase;
			buildActionMask = 2147483647;
			files = (
			);
			runOnlyForDeploymentPostprocessing = 0;
		};
		100000000000000000000322 /* Frameworks */ = {
			isa = PBXFrameworksBuildPhase;
			buildActionMask = 2147483647;
			files = (
			);
			runOnlyForDeploymentPostprocessing = 0;
		};
/* End PBXFrameworksBuildPhase section */

/* Begin PBXGroup section */
		100000000000000000000002 = {
			isa = PBXGroup;
			children = (
				100000000000000000000004 /* CueLens */,
				100000000000000000000007 /* CueLensTests */,
				100000000000000000000008 /* CueLensUITests */,
				100000000000000000000009 /* Config */,
				100000000000000000000010 /* Scripts */,
				100000000000000000000003 /* Products */,
			);
			sourceTree = "<group>";
		};
		100000000000000000000003 /* Products */ = {
			isa = PBXGroup;
			children = (
				100000000000000000000121 /* CueLens.app */,
				100000000000000000000122 /* CueLensTests.xctest */,
				100000000000000000000123 /* CueLensUITests.xctest */,
			);
			name = Products;
			sourceTree = "<group>";
		};
		100000000000000000000004 /* CueLens */ = {
			isa = PBXGroup;
			children = (
				100000000000000000000005 /* App */,
				100000000000000000000011 /* Domain */,
				100000000000000000000019 /* Infrastructure */,
				100000000000000000000006 /* Resources */,
			);
			path = CueLens;
			sourceTree = "<group>";
		};
		100000000000000000000005 /* App */ = {
			isa = PBXGroup;
			children = (
				100000000000000000000101 /* CueLensApp.swift */,
				100000000000000000000102 /* ContentView.swift */,
				100000000000000000000103 /* StudyViewportPolicy.swift */,
				100000000000000000000174 /* CueLensAppModel.swift */,
			);
			path = App;
			sourceTree = "<group>";
		};
		100000000000000000000006 /* Resources */ = {
			isa = PBXGroup;
			children = (
				100000000000000000000104 /* Localizable.xcstrings */,
				100000000000000000000105 /* PrivacyInfo.xcprivacy */,
				100000000000000000000194 /* Info.plist */,
			);
			path = Resources;
			sourceTree = "<group>";
		};
		100000000000000000000007 /* CueLensTests */ = {
			isa = PBXGroup;
			children = (
				100000000000000000000106 /* StudyViewportPolicyTests.swift */,
				100000000000000000000018 /* Domain */,
				100000000000000000000022 /* Infrastructure */,
			);
			path = CueLensTests;
			sourceTree = "<group>";
		};
		100000000000000000000008 /* CueLensUITests */ = {
			isa = PBXGroup;
			children = (
				100000000000000000000107 /* CueLensUITests.swift */,
			);
			path = CueLensUITests;
			sourceTree = "<group>";
		};
		100000000000000000000009 /* Config */ = {
			isa = PBXGroup;
			children = (
				100000000000000000000108 /* Base.xcconfig */,
				100000000000000000000109 /* Debug.xcconfig */,
				100000000000000000000110 /* Staging.xcconfig */,
				100000000000000000000111 /* Release.xcconfig */,
				100000000000000000000112 /* LocalSigning.xcconfig.example */,
			);
			path = Config;
			sourceTree = "<group>";
		};
		100000000000000000000010 /* Scripts */ = {
			isa = PBXGroup;
			children = (
				100000000000000000000113 /* quality_gate.sh */,
				100000000000000000000114 /* select_ci_simulator.sh */,
				100000000000000000000115 /* verify_release_configuration.sh */,
				100000000000000000000116 /* verify_domain_boundaries.sh */,
				100000000000000000000117 /* verify_persistence_security.sh */,
				100000000000000000000193 /* verify_network_security.sh */,
			);
			path = Scripts;
			sourceTree = "<group>";
		};
		100000000000000000000011 /* Domain */ = {
			isa = PBXGroup;
			children = (
				100000000000000000000013 /* Activation */,
				100000000000000000000012 /* Common */,
				100000000000000000000017 /* Completion */,
				100000000000000000000014 /* InfoFeed */,
				100000000000000000000015 /* PreStudy */,
				100000000000000000000016 /* Study */,
			);
			path = Domain;
			sourceTree = "<group>";
		};
		100000000000000000000012 /* Common */ = {
			isa = PBXGroup;
			children = (
				100000000000000000000131 /* AppLanguage.swift */,
				100000000000000000000132 /* DomainDependencies.swift */,
				100000000000000000000130 /* DomainValidationError.swift */,
				100000000000000000000133 /* StrictJSON.swift */,
				100000000000000000000134 /* UUIDv4.swift */,
				100000000000000000000160 /* PersistenceProtocols.swift */,
				100000000000000000000176 /* NetworkingProtocols.swift */,
			);
			path = Common;
			sourceTree = "<group>";
		};
		100000000000000000000013 /* Activation */ = {
			isa = PBXGroup;
			children = (
				100000000000000000000135 /* ParticipantIdentifier.swift */,
			);
			path = Activation;
			sourceTree = "<group>";
		};
		100000000000000000000014 /* InfoFeed */ = {
			isa = PBXGroup;
			children = (
				100000000000000000000137 /* InfoMessage.swift */,
			);
			path = InfoFeed;
			sourceTree = "<group>";
		};
		100000000000000000000015 /* PreStudy */ = {
			isa = PBXGroup;
			children = (
				100000000000000000000136 /* FeedbackDraft.swift */,
			);
			path = PreStudy;
			sourceTree = "<group>";
		};
		100000000000000000000016 /* Study */ = {
			isa = PBXGroup;
			children = (
				100000000000000000000140 /* Cooldown.swift */,
				100000000000000000000139 /* MatchingOrder.swift */,
				100000000000000000000142 /* StartGate.swift */,
				100000000000000000000141 /* StudyState.swift */,
				100000000000000000000138 /* StudyValues.swift */,
			);
			path = Study;
			sourceTree = "<group>";
		};
		100000000000000000000017 /* Completion */ = {
			isa = PBXGroup;
			children = (
				100000000000000000000143 /* CompletionState.swift */,
				100000000000000000000144 /* SelfReportResponse.swift */,
			);
			path = Completion;
			sourceTree = "<group>";
		};
		100000000000000000000018 /* Domain */ = {
			isa = PBXGroup;
			children = (
				100000000000000000000150 /* FixtureLoader.swift */,
				100000000000000000000151 /* InfoMessageTests.swift */,
				100000000000000000000152 /* ParticipantAndFeedbackTests.swift */,
				100000000000000000000156 /* SelfReportResponseTests.swift */,
				100000000000000000000155 /* StartGateTests.swift */,
				100000000000000000000153 /* StudyRulesTests.swift */,
				100000000000000000000154 /* StudyStateTests.swift */,
			);
			path = Domain;
			sourceTree = "<group>";
		};
		100000000000000000000019 /* Infrastructure */ = {
			isa = PBXGroup;
			children = (
				100000000000000000000020 /* Keychain */,
				100000000000000000000021 /* Persistence */,
				100000000000000000000023 /* Network */,
			);
			path = Infrastructure;
			sourceTree = "<group>";
		};
		100000000000000000000020 /* Keychain */ = {
			isa = PBXGroup;
			children = (
				100000000000000000000163 /* KeychainAppTokenStore.swift */,
				100000000000000000000162 /* KeychainClient.swift */,
			);
			path = Keychain;
			sourceTree = "<group>";
		};
		100000000000000000000021 /* Persistence */ = {
			isa = PBXGroup;
			children = (
				100000000000000000000167 /* InstallationCoordinator.swift */,
				100000000000000000000169 /* LocalPersistenceBootstrap.swift */,
				100000000000000000000161 /* PersistenceError.swift */,
				100000000000000000000165 /* PersistencePaths.swift */,
				100000000000000000000164 /* ProtectedFileClient.swift */,
				100000000000000000000168 /* ProtectedStudyStateStore.swift */,
				100000000000000000000166 /* SecureRandomByteGenerator.swift */,
			);
			path = Persistence;
			sourceTree = "<group>";
		};
		100000000000000000000022 /* Infrastructure */ = {
			isa = PBXGroup;
			children = (
				100000000000000000000024 /* Network */,
				100000000000000000000172 /* InstallationCoordinatorTests.swift */,
				100000000000000000000171 /* KeychainAppTokenStoreTests.swift */,
				100000000000000000000175 /* LocalPersistenceBootstrapTests.swift */,
				100000000000000000000170 /* PersistenceTestDoubles.swift */,
				100000000000000000000173 /* ProtectedStudyStateStoreTests.swift */,
			);
			path = Infrastructure;
			sourceTree = "<group>";
		};
		100000000000000000000024 /* Network */ = {
			isa = PBXGroup;
			children = (
				100000000000000000000190 /* AppConfigurationTests.swift */,
				100000000000000000000191 /* HTTPClientTests.swift */,
				100000000000000000000192 /* NetworkServiceContractTests.swift */,
				100000000000000000000189 /* NetworkTestDoubles.swift */,
			);
			path = Network;
			sourceTree = "<group>";
		};
		100000000000000000000023 /* Network */ = {
			isa = PBXGroup;
			children = (
				100000000000000000000177 /* AppConfiguration.swift */,
				100000000000000000000183 /* ActivationService.swift */,
				100000000000000000000186 /* FeedbackService.swift */,
				100000000000000000000185 /* FeatureConfigService.swift */,
				100000000000000000000181 /* HTTPClient.swift */,
				100000000000000000000180 /* HTTPTypes.swift */,
				100000000000000000000184 /* InfoFeedService.swift */,
				100000000000000000000182 /* JSONContract.swift */,
				100000000000000000000178 /* NetworkError.swift */,
				100000000000000000000179 /* NetworkLogging.swift */,
				100000000000000000000188 /* NetworkServices.swift */,
				100000000000000000000187 /* StudySubmissionService.swift */,
			);
			path = Network;
			sourceTree = "<group>";
		};
/* End PBXGroup section */

/* Begin PBXNativeTarget section */
		100000000000000000000201 /* CueLens */ = {
			isa = PBXNativeTarget;
			buildConfigurationList = 100000000000000000000702 /* Build configuration list for PBXNativeTarget "CueLens" */;
			buildPhases = (
				100000000000000000000301 /* Sources */,
				100000000000000000000302 /* Frameworks */,
				100000000000000000000303 /* Resources */,
			);
			buildRules = (
			);
			dependencies = (
			);
			name = CueLens;
			productName = CueLens;
			productReference = 100000000000000000000121 /* CueLens.app */;
			productType = "com.apple.product-type.application";
		};
		100000000000000000000202 /* CueLensTests */ = {
			isa = PBXNativeTarget;
			buildConfigurationList = 100000000000000000000703 /* Build configuration list for PBXNativeTarget "CueLensTests" */;
			buildPhases = (
				100000000000000000000311 /* Sources */,
				100000000000000000000312 /* Frameworks */,
				100000000000000000000313 /* Resources */,
			);
			buildRules = (
			);
			dependencies = (
				100000000000000000000611 /* PBXTargetDependency */,
			);
			name = CueLensTests;
			productName = CueLensTests;
			productReference = 100000000000000000000122 /* CueLensTests.xctest */;
			productType = "com.apple.product-type.bundle.unit-test";
		};
		100000000000000000000203 /* CueLensUITests */ = {
			isa = PBXNativeTarget;
			buildConfigurationList = 100000000000000000000704 /* Build configuration list for PBXNativeTarget "CueLensUITests" */;
			buildPhases = (
				100000000000000000000321 /* Sources */,
				100000000000000000000322 /* Frameworks */,
				100000000000000000000323 /* Resources */,
			);
			buildRules = (
			);
			dependencies = (
				100000000000000000000612 /* PBXTargetDependency */,
			);
			name = CueLensUITests;
			productName = CueLensUITests;
			productReference = 100000000000000000000123 /* CueLensUITests.xctest */;
			productType = "com.apple.product-type.bundle.ui-testing";
		};
/* End PBXNativeTarget section */

/* Begin PBXProject section */
		100000000000000000000001 /* Project object */ = {
			isa = PBXProject;
			attributes = {
				BuildIndependentTargetsInParallel = 1;
				LastSwiftUpdateCheck = 2660;
				LastUpgradeCheck = 2660;
				TargetAttributes = {
					100000000000000000000201 = {
						CreatedOnToolsVersion = 26.6;
					};
					100000000000000000000202 = {
						CreatedOnToolsVersion = 26.6;
						TestTargetID = 100000000000000000000201;
					};
					100000000000000000000203 = {
						CreatedOnToolsVersion = 26.6;
						TestTargetID = 100000000000000000000201;
					};
				};
			};
			buildConfigurationList = 100000000000000000000701 /* Build configuration list for PBXProject "CueLens" */;
			compatibilityVersion = "Xcode 14.0";
			developmentRegion = de;
			hasScannedForEncodings = 0;
			knownRegions = (
				de,
				en,
				Base,
			);
			mainGroup = 100000000000000000000002;
			productRefGroup = 100000000000000000000003 /* Products */;
			projectDirPath = "";
			projectRoot = "";
			targets = (
				100000000000000000000201 /* CueLens */,
				100000000000000000000202 /* CueLensTests */,
				100000000000000000000203 /* CueLensUITests */,
			);
		};
/* End PBXProject section */

/* Begin PBXResourcesBuildPhase section */
		100000000000000000000303 /* Resources */ = {
			isa = PBXResourcesBuildPhase;
			buildActionMask = 2147483647;
			files = (
				100000000000000000000404 /* Localizable.xcstrings in Resources */,
				100000000000000000000405 /* PrivacyInfo.xcprivacy in Resources */,
			);
			runOnlyForDeploymentPostprocessing = 0;
		};
		100000000000000000000313 /* Resources */ = {
			isa = PBXResourcesBuildPhase;
			buildActionMask = 2147483647;
			files = (
			);
			runOnlyForDeploymentPostprocessing = 0;
		};
		100000000000000000000323 /* Resources */ = {
			isa = PBXResourcesBuildPhase;
			buildActionMask = 2147483647;
			files = (
			);
			runOnlyForDeploymentPostprocessing = 0;
		};
/* End PBXResourcesBuildPhase section */

/* Begin PBXSourcesBuildPhase section */
		100000000000000000000301 /* Sources */ = {
			isa = PBXSourcesBuildPhase;
			buildActionMask = 2147483647;
			files = (
				100000000000000000000401 /* CueLensApp.swift in Sources */,
				100000000000000000000402 /* ContentView.swift in Sources */,
				100000000000000000000403 /* StudyViewportPolicy.swift in Sources */,
				100000000000000000000410 /* DomainValidationError.swift in Sources */,
				100000000000000000000411 /* AppLanguage.swift in Sources */,
				100000000000000000000412 /* DomainDependencies.swift in Sources */,
				100000000000000000000413 /* StrictJSON.swift in Sources */,
				100000000000000000000414 /* UUIDv4.swift in Sources */,
				100000000000000000000415 /* ParticipantIdentifier.swift in Sources */,
				100000000000000000000416 /* FeedbackDraft.swift in Sources */,
				100000000000000000000417 /* InfoMessage.swift in Sources */,
				100000000000000000000418 /* StudyValues.swift in Sources */,
				100000000000000000000419 /* MatchingOrder.swift in Sources */,
				100000000000000000000420 /* Cooldown.swift in Sources */,
				100000000000000000000421 /* StudyState.swift in Sources */,
				100000000000000000000422 /* StartGate.swift in Sources */,
				100000000000000000000423 /* CompletionState.swift in Sources */,
				100000000000000000000424 /* SelfReportResponse.swift in Sources */,
				100000000000000000000440 /* PersistenceProtocols.swift in Sources */,
				100000000000000000000441 /* PersistenceError.swift in Sources */,
				100000000000000000000442 /* KeychainClient.swift in Sources */,
				100000000000000000000443 /* KeychainAppTokenStore.swift in Sources */,
				100000000000000000000444 /* ProtectedFileClient.swift in Sources */,
				100000000000000000000445 /* PersistencePaths.swift in Sources */,
				100000000000000000000446 /* SecureRandomByteGenerator.swift in Sources */,
				100000000000000000000447 /* InstallationCoordinator.swift in Sources */,
				100000000000000000000448 /* ProtectedStudyStateStore.swift in Sources */,
				100000000000000000000449 /* LocalPersistenceBootstrap.swift in Sources */,
				100000000000000000000454 /* CueLensAppModel.swift in Sources */,
				100000000000000000000456 /* NetworkingProtocols.swift in Sources */,
				100000000000000000000457 /* AppConfiguration.swift in Sources */,
				100000000000000000000458 /* NetworkError.swift in Sources */,
				100000000000000000000459 /* NetworkLogging.swift in Sources */,
				100000000000000000000460 /* HTTPTypes.swift in Sources */,
				100000000000000000000461 /* HTTPClient.swift in Sources */,
				100000000000000000000462 /* JSONContract.swift in Sources */,
				100000000000000000000463 /* ActivationService.swift in Sources */,
				100000000000000000000464 /* InfoFeedService.swift in Sources */,
				100000000000000000000465 /* FeatureConfigService.swift in Sources */,
				100000000000000000000466 /* FeedbackService.swift in Sources */,
				100000000000000000000467 /* StudySubmissionService.swift in Sources */,
				100000000000000000000468 /* NetworkServices.swift in Sources */,
			);
			runOnlyForDeploymentPostprocessing = 0;
		};
		100000000000000000000311 /* Sources */ = {
			isa = PBXSourcesBuildPhase;
			buildActionMask = 2147483647;
			files = (
				100000000000000000000406 /* StudyViewportPolicyTests.swift in Sources */,
				100000000000000000000430 /* FixtureLoader.swift in Sources */,
				100000000000000000000431 /* InfoMessageTests.swift in Sources */,
				100000000000000000000432 /* ParticipantAndFeedbackTests.swift in Sources */,
				100000000000000000000433 /* StudyRulesTests.swift in Sources */,
				100000000000000000000434 /* StudyStateTests.swift in Sources */,
				100000000000000000000435 /* StartGateTests.swift in Sources */,
				100000000000000000000436 /* SelfReportResponseTests.swift in Sources */,
				100000000000000000000450 /* PersistenceTestDoubles.swift in Sources */,
				100000000000000000000451 /* KeychainAppTokenStoreTests.swift in Sources */,
				100000000000000000000452 /* InstallationCoordinatorTests.swift in Sources */,
				100000000000000000000453 /* ProtectedStudyStateStoreTests.swift in Sources */,
				100000000000000000000455 /* LocalPersistenceBootstrapTests.swift in Sources */,
				100000000000000000000469 /* NetworkTestDoubles.swift in Sources */,
				100000000000000000000470 /* AppConfigurationTests.swift in Sources */,
				100000000000000000000471 /* HTTPClientTests.swift in Sources */,
				100000000000000000000472 /* NetworkServiceContractTests.swift in Sources */,
			);
			runOnlyForDeploymentPostprocessing = 0;
		};
		100000000000000000000321 /* Sources */ = {
			isa = PBXSourcesBuildPhase;
			buildActionMask = 2147483647;
			files = (
				100000000000000000000407 /* CueLensUITests.swift in Sources */,
			);
			runOnlyForDeploymentPostprocessing = 0;
		};
/* End PBXSourcesBuildPhase section */

/* Begin PBXTargetDependency section */
		100000000000000000000611 /* PBXTargetDependency */ = {
			isa = PBXTargetDependency;
			target = 100000000000000000000201 /* CueLens */;
			targetProxy = 100000000000000000000601 /* PBXContainerItemProxy */;
		};
		100000000000000000000612 /* PBXTargetDependency */ = {
			isa = PBXTargetDependency;
			target = 100000000000000000000201 /* CueLens */;
			targetProxy = 100000000000000000000602 /* PBXContainerItemProxy */;
		};
/* End PBXTargetDependency section */

/* Begin XCBuildConfiguration section */
		100000000000000000000501 /* Debug */ = {
			isa = XCBuildConfiguration;
			buildSettings = {
				CLANG_ENABLE_MODULES = YES;
				ENABLE_USER_SCRIPT_SANDBOXING = YES;
				SDKROOT = iphoneos;
				SUPPORTED_PLATFORMS = "iphoneos iphonesimulator";
			};
			name = Debug;
		};
		100000000000000000000502 /* Staging */ = {
			isa = XCBuildConfiguration;
			buildSettings = {
				CLANG_ENABLE_MODULES = YES;
				ENABLE_USER_SCRIPT_SANDBOXING = YES;
				SDKROOT = iphoneos;
				SUPPORTED_PLATFORMS = "iphoneos iphonesimulator";
			};
			name = Staging;
		};
		100000000000000000000503 /* Release */ = {
			isa = XCBuildConfiguration;
			buildSettings = {
				CLANG_ENABLE_MODULES = YES;
				ENABLE_USER_SCRIPT_SANDBOXING = YES;
				SDKROOT = iphoneos;
				SUPPORTED_PLATFORMS = "iphoneos iphonesimulator";
			};
			name = Release;
		};
		100000000000000000000511 /* Debug */ = {
			isa = XCBuildConfiguration;
			baseConfigurationReference = 100000000000000000000109 /* Debug.xcconfig */;
			buildSettings = {
				GENERATE_INFOPLIST_FILE = NO;
				INFOPLIST_FILE = CueLens/Resources/Info.plist;
				INFOPLIST_KEY_CFBundleDisplayName = CueLens;
				INFOPLIST_KEY_UIApplicationSceneManifest_Generation = YES;
				INFOPLIST_KEY_UILaunchScreen_Generation = YES;
				INFOPLIST_KEY_UISupportedInterfaceOrientations_iPad = "UIInterfaceOrientationPortrait UIInterfaceOrientationPortraitUpsideDown UIInterfaceOrientationLandscapeLeft UIInterfaceOrientationLandscapeRight";
				INFOPLIST_KEY_UISupportedInterfaceOrientations_iPhone = UIInterfaceOrientationPortrait;
				LD_RUNPATH_SEARCH_PATHS = (
					"$(inherited)",
					"@executable_path/Frameworks",
				);
				PRODUCT_MODULE_NAME = CueLens;
			};
			name = Debug;
		};
		100000000000000000000512 /* Staging */ = {
			isa = XCBuildConfiguration;
			baseConfigurationReference = 100000000000000000000110 /* Staging.xcconfig */;
			buildSettings = {
				GENERATE_INFOPLIST_FILE = NO;
				INFOPLIST_FILE = CueLens/Resources/Info.plist;
				INFOPLIST_KEY_CFBundleDisplayName = CueLens;
				INFOPLIST_KEY_UIApplicationSceneManifest_Generation = YES;
				INFOPLIST_KEY_UILaunchScreen_Generation = YES;
				INFOPLIST_KEY_UISupportedInterfaceOrientations_iPad = "UIInterfaceOrientationPortrait UIInterfaceOrientationPortraitUpsideDown UIInterfaceOrientationLandscapeLeft UIInterfaceOrientationLandscapeRight";
				INFOPLIST_KEY_UISupportedInterfaceOrientations_iPhone = UIInterfaceOrientationPortrait;
				LD_RUNPATH_SEARCH_PATHS = (
					"$(inherited)",
					"@executable_path/Frameworks",
				);
				PRODUCT_MODULE_NAME = CueLens;
			};
			name = Staging;
		};
		100000000000000000000513 /* Release */ = {
			isa = XCBuildConfiguration;
			baseConfigurationReference = 100000000000000000000111 /* Release.xcconfig */;
			buildSettings = {
				GENERATE_INFOPLIST_FILE = NO;
				INFOPLIST_FILE = CueLens/Resources/Info.plist;
				INFOPLIST_KEY_CFBundleDisplayName = CueLens;
				INFOPLIST_KEY_UIApplicationSceneManifest_Generation = YES;
				INFOPLIST_KEY_UILaunchScreen_Generation = YES;
				INFOPLIST_KEY_UISupportedInterfaceOrientations_iPad = "UIInterfaceOrientationPortrait UIInterfaceOrientationPortraitUpsideDown UIInterfaceOrientationLandscapeLeft UIInterfaceOrientationLandscapeRight";
				INFOPLIST_KEY_UISupportedInterfaceOrientations_iPhone = UIInterfaceOrientationPortrait;
				LD_RUNPATH_SEARCH_PATHS = (
					"$(inherited)",
					"@executable_path/Frameworks",
				);
				PRODUCT_MODULE_NAME = CueLens;
			};
			name = Release;
		};
		100000000000000000000521 /* Debug */ = {
			isa = XCBuildConfiguration;
			baseConfigurationReference = 100000000000000000000109 /* Debug.xcconfig */;
			buildSettings = {
				BUNDLE_LOADER = "$(TEST_HOST)";
				GENERATE_INFOPLIST_FILE = YES;
				PRODUCT_BUNDLE_IDENTIFIER = de.eachandevery.cuelens.tests;
				TEST_HOST = "$(BUILT_PRODUCTS_DIR)/CueLens.app/$(BUNDLE_EXECUTABLE_FOLDER_PATH)/CueLens";
			};
			name = Debug;
		};
		100000000000000000000522 /* Staging */ = {
			isa = XCBuildConfiguration;
			baseConfigurationReference = 100000000000000000000110 /* Staging.xcconfig */;
			buildSettings = {
				BUNDLE_LOADER = "$(TEST_HOST)";
				GENERATE_INFOPLIST_FILE = YES;
				PRODUCT_BUNDLE_IDENTIFIER = de.eachandevery.cuelens.tests;
				TEST_HOST = "$(BUILT_PRODUCTS_DIR)/CueLens.app/$(BUNDLE_EXECUTABLE_FOLDER_PATH)/CueLens";
			};
			name = Staging;
		};
		100000000000000000000523 /* Release */ = {
			isa = XCBuildConfiguration;
			baseConfigurationReference = 100000000000000000000111 /* Release.xcconfig */;
			buildSettings = {
				BUNDLE_LOADER = "$(TEST_HOST)";
				GENERATE_INFOPLIST_FILE = YES;
				PRODUCT_BUNDLE_IDENTIFIER = de.eachandevery.cuelens.tests;
				TEST_HOST = "$(BUILT_PRODUCTS_DIR)/CueLens.app/$(BUNDLE_EXECUTABLE_FOLDER_PATH)/CueLens";
			};
			name = Release;
		};
		100000000000000000000531 /* Debug */ = {
			isa = XCBuildConfiguration;
			baseConfigurationReference = 100000000000000000000109 /* Debug.xcconfig */;
			buildSettings = {
				GENERATE_INFOPLIST_FILE = YES;
				PRODUCT_BUNDLE_IDENTIFIER = de.eachandevery.cuelens.uitests;
				TEST_TARGET_NAME = CueLens;
			};
			name = Debug;
		};
		100000000000000000000532 /* Staging */ = {
			isa = XCBuildConfiguration;
			baseConfigurationReference = 100000000000000000000110 /* Staging.xcconfig */;
			buildSettings = {
				GENERATE_INFOPLIST_FILE = YES;
				PRODUCT_BUNDLE_IDENTIFIER = de.eachandevery.cuelens.uitests;
				TEST_TARGET_NAME = CueLens;
			};
			name = Staging;
		};
		100000000000000000000533 /* Release */ = {
			isa = XCBuildConfiguration;
			baseConfigurationReference = 100000000000000000000111 /* Release.xcconfig */;
			buildSettings = {
				GENERATE_INFOPLIST_FILE = YES;
				PRODUCT_BUNDLE_IDENTIFIER = de.eachandevery.cuelens.uitests;
				TEST_TARGET_NAME = CueLens;
			};
			name = Release;
		};
/* End XCBuildConfiguration section */

/* Begin XCConfigurationList section */
		100000000000000000000701 /* Build configuration list for PBXProject "CueLens" */ = {
			isa = XCConfigurationList;
			buildConfigurations = (
				100000000000000000000501 /* Debug */,
				100000000000000000000502 /* Staging */,
				100000000000000000000503 /* Release */,
			);
			defaultConfigurationIsVisible = 0;
			defaultConfigurationName = Release;
		};
		100000000000000000000702 /* Build configuration list for PBXNativeTarget "CueLens" */ = {
			isa = XCConfigurationList;
			buildConfigurations = (
				100000000000000000000511 /* Debug */,
				100000000000000000000512 /* Staging */,
				100000000000000000000513 /* Release */,
			);
			defaultConfigurationIsVisible = 0;
			defaultConfigurationName = Release;
		};
		100000000000000000000703 /* Build configuration list for PBXNativeTarget "CueLensTests" */ = {
			isa = XCConfigurationList;
			buildConfigurations = (
				100000000000000000000521 /* Debug */,
				100000000000000000000522 /* Staging */,
				100000000000000000000523 /* Release */,
			);
			defaultConfigurationIsVisible = 0;
			defaultConfigurationName = Release;
		};
		100000000000000000000704 /* Build configuration list for PBXNativeTarget "CueLensUITests" */ = {
			isa = XCConfigurationList;
			buildConfigurations = (
				100000000000000000000531 /* Debug */,
				100000000000000000000532 /* Staging */,
				100000000000000000000533 /* Release */,
			);
			defaultConfigurationIsVisible = 0;
			defaultConfigurationName = Release;
		};
/* End XCConfigurationList section */
	};
	rootObject = 100000000000000000000001 /* Project object */;
}
